
Microsoft Visual Studio Solution File, Format Version 12.00
# Visual Studio Version 17
VisualStudioVersion = 17.7.34221.43
MinimumVisualStudioVersion = 10.0.40219.1
Project("{9A19103F-16F7-4668-BE54-9A1E7A4F7556}") = "Quipu task", "Quipu task.csproj", "{2AC9C4AB-99E3-47EF-A13F-A5D929E5F374}"
EndProject
Project("{FAE04EC0-301F-11D3-BF4B-00C04F79EFBC}") = "Quipu tests", "..\Quipu tests\Quipu tests.csproj", "{6F1F28BD-144B-4EFA-8016-F20CDF056F59}"
EndProject
Global
	GlobalSection(SolutionConfigurationPlatforms) = preSolution
		Debug|Any CPU = Debug|Any CPU
		Release|Any CPU = Release|Any CPU
	EndGlobalSection
	GlobalSection(ProjectConfigurationPlatforms) = postSolution
		{2AC9C4AB-99E3-47EF-A13F-A5D929E5F374}.Debug|Any CPU.ActiveCfg = Debug|Any CPU
		{2AC9C4AB-99E3-47EF-A13F-A5D929E5F374}.Debug|Any CPU.Build.0 = Debug|Any CPU
		{2AC9C4AB-99E3-47EF-A13F-A5D929E5F374}.Release|Any CPU.ActiveCfg = Release|Any CPU
		{2AC9C4AB-99E3-47EF-A13F-A5D929E5F374}.Release|Any CPU.Build.0 = Release|Any CPU
		{6F1F28BD-144B-4EFA-8016-F20CDF056F59}.Debug|Any CPU.ActiveCfg = Debug|Any CPU
		{6F1F28BD-144B-4EFA-8016-F20CDF056F59}.Debug|Any CPU.Build.0 = Debug|Any CPU
		{6F1F28BD-144B-4EFA-8016-F20CDF056F59}.Release|Any CPU.ActiveCfg = Release|Any CPU
		{6F1F28BD-144B-4EFA-8016-F20CDF056F59}.Release|Any CPU.Build.0 = Release|Any CPU
	EndGlobalSection
	GlobalSection(SolutionProperties) = preSolution
		HideSolutionNode = FALSE
	EndGlobalSection
	GlobalSection(ExtensibilityGlobals) = postSolution
		SolutionGuid = {958B8180-2C23-4B81-A8F0-3BCF7B679274}
	EndGlobalSection
EndGlobal
